
Microsoft Visual Studio Solution File, Format Version 12.00
# Visual Studio Version 17
VisualStudioVersion = 17.14.36429.23
MinimumVisualStudioVersion = 10.0.40219.1
Project("{2150E333-8FDC-42A3-9474-1A3956D46DE8}") = "Task0", "Task0", "{02EA681E-C7D8-13C7-8484-4AC65E1B71E8}"
EndProject
Project("{FAE04EC0-301F-11D3-BF4B-00C04F79EFBC}") = "Tyuiu.PozdeevaEA.Sprint5.Task0.V18", "Tyuiu.PozdeevaEA.Sprint5.Task0.V18\Tyuiu.PozdeevaEA.Sprint5.Task0.V18.csproj", "{6DB240B7-8250-4909-8281-535D891A050A}"
EndProject
Project("{FAE04EC0-301F-11D3-BF4B-00C04F79EFBC}") = "Tyuiu.PozdeevaEA.Sprint5.Task0.V18.Lib", "Tyuiu.PozdeevaEA.Sprint5.Task0.V18.Lib\Tyuiu.PozdeevaEA.Sprint5.Task0.V18.Lib.csproj", "{8FB54D49-056A-42F3-9EF7-0F62BD122641}"
EndProject
Project("{FAE04EC0-301F-11D3-BF4B-00C04F79EFBC}") = "Tyuiu.PozdeevaEA.Sprint5.Task0.V18.Test", "Tyuiu.PozdeevaEA.Sprint5.Task0.V18.Test\Tyuiu.PozdeevaEA.Sprint5.Task0.V18.Test.csproj", "{0C9766E6-78FF-49F8-B3BD-4D91EC0D27FE}"
EndProject
Project("{2150E333-8FDC-42A3-9474-1A3956D46DE8}") = "Task1", "Task1", "{36D591C7-65C7-A0D1-1CBC-10CDE441BDC8}"
EndProject
Project("{FAE04EC0-301F-11D3-BF4B-00C04F79EFBC}") = "Tyuiu.PozdeevaEA.Sprint5.Task1.V26", "Tyuiu.PozdeevaEA.Sprint5.Task1.V26\Tyuiu.PozdeevaEA.Sprint5.Task1.V26.csproj", "{79C44D66-BA57-41B1-BB95-AC9E2089FD1A}"
EndProject
Project("{FAE04EC0-301F-11D3-BF4B-00C04F79EFBC}") = "Tyuiu.PozdeevaEA.Sprint5.Task1.V26.Lib", "Tyuiu.PozdeevaEA.Sprint5.Task1.V26.Lib\Tyuiu.PozdeevaEA.Sprint5.Task1.V26.Lib.csproj", "{4D416498-0359-4C4F-AE3F-FB44E1D7B178}"
EndProject
Project("{FAE04EC0-301F-11D3-BF4B-00C04F79EFBC}") = "Tyuiu.PozdeevaEA.Sprint5.Task1.V26.Test", "Tyuiu.PozdeevaEA.Sprint5.Task1.V26.Test\Tyuiu.PozdeevaEA.Sprint5.Task1.V26.Test.csproj", "{FE4C30CF-0ADE-4418-9F62-EEA003D64B5B}"
EndProject
Project("{2150E333-8FDC-42A3-9474-1A3956D46DE8}") = "Task2", "Task2", "{15697211-E8C3-4891-88E3-066936B4CACC}"
EndProject
Project("{FAE04EC0-301F-11D3-BF4B-00C04F79EFBC}") = "Tyuiu.PozdeevaEA.Sprint5.Task2.V8", "Tyuiu.PozdeevaEA.Sprint5.Task2.V8\Tyuiu.PozdeevaEA.Sprint5.Task2.V8.csproj", "{7BB7D29F-130D-41DD-9A60-2DC0451C4837}"
EndProject
Project("{FAE04EC0-301F-11D3-BF4B-00C04F79EFBC}") = "Tyuiu.PozdeevaEA.Sprint5.Task2.V8.Lib", "Tyuiu.PozdeevaEA.Sprint5.Task2.V8.Lib\Tyuiu.PozdeevaEA.Sprint5.Task2.V8.Lib.csproj", "{2C774074-2758-40D6-9F50-607BD299B8B7}"
EndProject
Project("{FAE04EC0-301F-11D3-BF4B-00C04F79EFBC}") = "Tyuiu.PozdeevaEA.Sprint5.Task2.V8.Test", "Tyuiu.PozdeevaEA.Sprint5.Task2.V8.Test\Tyuiu.PozdeevaEA.Sprint5.Task2.V8.Test.csproj", "{0EC7D980-AB7B-4256-9D62-CA23253606CA}"
EndProject
Project("{2150E333-8FDC-42A3-9474-1A3956D46DE8}") = "Task3", "Task3", "{46F2C002-1277-44F3-AFEE-B0053B58C287}"
EndProject
Project("{FAE04EC0-301F-11D3-BF4B-00C04F79EFBC}") = "Tyuiu.PozdeevaEA.Sprint5.Task3.V24", "Tyuiu.PozdeevaEA.Sprint5.Task3.V24\Tyuiu.PozdeevaEA.Sprint5.Task3.V24.csproj", "{E7D2C69A-3EC0-45A2-8E0A-A107CA77C9B5}"
EndProject
Project("{FAE04EC0-301F-11D3-BF4B-00C04F79EFBC}") = "Tyuiu.PozdeevaEA.Sprint5.Task3.V24.Lib", "Tyuiu.PozdeevaEA.Sprint5.Task3.V24.Lib\Tyuiu.PozdeevaEA.Sprint5.Task3.V24.Lib.csproj", "{1C520CBE-30CD-4C1F-81C1-0DCD2E4C47BA}"
EndProject
Project("{FAE04EC0-301F-11D3-BF4B-00C04F79EFBC}") = "Tyuiu.PozdeevaEA.Sprint5.Task3.V24.Test", "Tyuiu.PozdeevaEA.Sprint5.Task3.V24.Test\Tyuiu.PozdeevaEA.Sprint5.Task3.V24.Test.csproj", "{66B629FD-D77F-456D-BD3E-6F1E25F128C6}"
EndProject
Project("{2150E333-8FDC-42A3-9474-1A3956D46DE8}") = "Task4", "Task4", "{45A9081B-F245-4628-BA06-C7486E530DB6}"
EndProject
Project("{FAE04EC0-301F-11D3-BF4B-00C04F79EFBC}") = "Tyuiu.PozdeevaEA.Sprint5.Task4.V2", "Tyuiu.PozdeevaEA.Sprint5.Task4.V2\Tyuiu.PozdeevaEA.Sprint5.Task4.V2.csproj", "{65CFC604-69C1-40AF-B8D0-23D013AE92B1}"
EndProject
Project("{FAE04EC0-301F-11D3-BF4B-00C04F79EFBC}") = "Tyuiu.PozdeevaEA.Sprint5.Task4.V2.Lib", "Tyuiu.PozdeevaEA.Sprint5.Task4.V2.Lib\Tyuiu.PozdeevaEA.Sprint5.Task4.V2.Lib.csproj", "{0F1564F9-2909-4233-BC5E-CA1F6A23C9C4}"
EndProject
Project("{FAE04EC0-301F-11D3-BF4B-00C04F79EFBC}") = "Tyuiu.PozdeevaEA.Sprint5.Task4.V2.Test", "Tyuiu.PozdeevaEA.Sprint5.Task4.V2.Test\Tyuiu.PozdeevaEA.Sprint5.Task4.V2.Test.csproj", "{4A38B87C-9E7A-4D63-8703-83FD05096087}"
EndProject
Project("{2150E333-8FDC-42A3-9474-1A3956D46DE8}") = "Task5", "Task5", "{496735DF-BC1D-4B12-B525-FA80F075AF85}"
EndProject
Project("{FAE04EC0-301F-11D3-BF4B-00C04F79EFBC}") = "Tyuiu.PozdeevaEA.Sprint5.Task5.V25", "Tyuiu.PozdeevaEA.Sprint5.Task5.V25\Tyuiu.PozdeevaEA.Sprint5.Task5.V25.csproj", "{1D325680-3A30-423F-8155-12E8E8743481}"
EndProject
Project("{FAE04EC0-301F-11D3-BF4B-00C04F79EFBC}") = "Tyuiu.PozdeevaEA.Sprint5.Task5.V25.Lib", "Tyuiu.PozdeevaEA.Sprint5.Task5.V25.Lib\Tyuiu.PozdeevaEA.Sprint5.Task5.V25.Lib.csproj", "{7C24C233-BA08-47BA-8AEA-D2073A80FBF5}"
EndProject
Project("{FAE04EC0-301F-11D3-BF4B-00C04F79EFBC}") = "Tyuiu.PozdeevaEA.Sprint5.Task5.V25.Test", "Tyuiu.PozdeevaEA.Sprint5.Task5.V25.Test\Tyuiu.PozdeevaEA.Sprint5.Task5.V25.Test.csproj", "{D01D6CAE-DDA3-459E-9898-A98E04F8714C}"
EndProject
Project("{2150E333-8FDC-42A3-9474-1A3956D46DE8}") = "Task6", "Task6", "{B7E9D6D7-41AE-4CF6-B28C-8FA7D2A70030}"
EndProject
Project("{FAE04EC0-301F-11D3-BF4B-00C04F79EFBC}") = "Tyuiu.PozdeevaEA.Sprint5.Task6.V22", "Tyuiu.PozdeevaEA.Sprint5.Task6.V22\Tyuiu.PozdeevaEA.Sprint5.Task6.V22.csproj", "{4F5EC541-873E-4FA2-875D-1B4F4ADAF062}"
EndProject
Project("{FAE04EC0-301F-11D3-BF4B-00C04F79EFBC}") = "Tyuiu.PozdeevaEA.Sprint5.Task6.V22.Lib", "Tyuiu.PozdeevaEA.Sprint5.Task6.V22.Lib\Tyuiu.PozdeevaEA.Sprint5.Task6.V22.Lib.csproj", "{FCA5391A-E8F2-4669-A28F-D0AE669FD9CE}"
EndProject
Project("{FAE04EC0-301F-11D3-BF4B-00C04F79EFBC}") = "Tyuiu.PozdeevaEA.Sprint5.Task6.V22.Test", "Tyuiu.PozdeevaEA.Sprint5.Task6.V22.Test\Tyuiu.PozdeevaEA.Sprint5.Task6.V22.Test.csproj", "{6AA7BE77-7C87-40A8-8150-9D43CFA8F7C3}"
EndProject
Project("{2150E333-8FDC-42A3-9474-1A3956D46DE8}") = "Task7", "Task7", "{BEAC45BB-458A-46D9-9635-D905474D5F12}"
EndProject
Project("{FAE04EC0-301F-11D3-BF4B-00C04F79EFBC}") = "Tyuiu.PozdeevaEA.Sprint5.Task7.V12", "Tyuiu.PozdeevaEA.Sprint5.Task7.V12\Tyuiu.PozdeevaEA.Sprint5.Task7.V12.csproj", "{E9759DE7-1DBE-4E27-A9E2-670B6D0D51D6}"
EndProject
Project("{FAE04EC0-301F-11D3-BF4B-00C04F79EFBC}") = "Tyuiu.PozdeevaEA.Sprint5.Task7.V12.Lib", "Tyuiu.PozdeevaEA.Sprint5.Task7.V12.Lib\Tyuiu.PozdeevaEA.Sprint5.Task7.V12.Lib.csproj", "{B888283A-A469-46E4-9EF0-E0600DDF1A60}"
EndProject
Project("{FAE04EC0-301F-11D3-BF4B-00C04F79EFBC}") = "Tyuiu.PozdeevaEA.Sprint5.Task7.V12.Test", "Tyuiu.PozdeevaEA.Sprint5.Task7.V12.Test\Tyuiu.PozdeevaEA.Sprint5.Task7.V12.Test.csproj", "{480B7CD5-A507-4F08-B653-3949119DBCCF}"
EndProject
Global
	GlobalSection(SolutionConfigurationPlatforms) = preSolution
		Debug|Any CPU = Debug|Any CPU
		Release|Any CPU = Release|Any CPU
	EndGlobalSection
	GlobalSection(ProjectConfigurationPlatforms) = postSolution
		{6DB240B7-8250-4909-8281-535D891A050A}.Debug|Any CPU.ActiveCfg = Debug|Any CPU
		{6DB240B7-8250-4909-8281-535D891A050A}.Debug|Any CPU.Build.0 = Debug|Any CPU
		{6DB240B7-8250-4909-8281-535D891A050A}.Release|Any CPU.ActiveCfg = Release|Any CPU
		{6DB240B7-8250-4909-8281-535D891A050A}.Release|Any CPU.Build.0 = Release|Any CPU
		{8FB54D49-056A-42F3-9EF7-0F62BD122641}.Debug|Any CPU.ActiveCfg = Debug|Any CPU
		{8FB54D49-056A-42F3-9EF7-0F62BD122641}.Debug|Any CPU.Build.0 = Debug|Any CPU
		{8FB54D49-056A-42F3-9EF7-0F62BD122641}.Release|Any CPU.ActiveCfg = Release|Any CPU
		{8FB54D49-056A-42F3-9EF7-0F62BD122641}.Release|Any CPU.Build.0 = Release|Any CPU
		{0C9766E6-78FF-49F8-B3BD-4D91EC0D27FE}.Debug|Any CPU.ActiveCfg = Debug|Any CPU
		{0C9766E6-78FF-49F8-B3BD-4D91EC0D27FE}.Debug|Any CPU.Build.0 = Debug|Any CPU
		{0C9766E6-78FF-49F8-B3BD-4D91EC0D27FE}.Release|Any CPU.ActiveCfg = Release|Any CPU
		{0C9766E6-78FF-49F8-B3BD-4D91EC0D27FE}.Release|Any CPU.Build.0 = Release|Any CPU
		{79C44D66-BA57-41B1-BB95-AC9E2089FD1A}.Debug|Any CPU.ActiveCfg = Debug|Any CPU
		{79C44D66-BA57-41B1-BB95-AC9E2089FD1A}.Debug|Any CPU.Build.0 = Debug|Any CPU
		{79C44D66-BA57-41B1-BB95-AC9E2089FD1A}.Release|Any CPU.ActiveCfg = Release|Any CPU
		{79C44D66-BA57-41B1-BB95-AC9E2089FD1A}.Release|Any CPU.Build.0 = Release|Any CPU
		{4D416498-0359-4C4F-AE3F-FB44E1D7B178}.Debug|Any CPU.ActiveCfg = Debug|Any CPU
		{4D416498-0359-4C4F-AE3F-FB44E1D7B178}.Debug|Any CPU.Build.0 = Debug|Any CPU
		{4D416498-0359-4C4F-AE3F-FB44E1D7B178}.Release|Any CPU.ActiveCfg = Release|Any CPU
		{4D416498-0359-4C4F-AE3F-FB44E1D7B178}.Release|Any CPU.Build.0 = Release|Any CPU
		{FE4C30CF-0ADE-4418-9F62-EEA003D64B5B}.Debug|Any CPU.ActiveCfg = Debug|Any CPU
		{FE4C30CF-0ADE-4418-9F62-EEA003D64B5B}.Debug|Any CPU.Build.0 = Debug|Any CPU
		{FE4C30CF-0ADE-4418-9F62-EEA003D64B5B}.Release|Any CPU.ActiveCfg = Release|Any CPU
		{FE4C30CF-0ADE-4418-9F62-EEA003D64B5B}.Release|Any CPU.Build.0 = Release|Any CPU
		{7BB7D29F-130D-41DD-9A60-2DC0451C4837}.Debug|Any CPU.ActiveCfg = Debug|Any CPU
		{7BB7D29F-130D-41DD-9A60-2DC0451C4837}.Debug|Any CPU.Build.0 = Debug|Any CPU
		{7BB7D29F-130D-41DD-9A60-2DC0451C4837}.Release|Any CPU.ActiveCfg = Release|Any CPU
		{7BB7D29F-130D-41DD-9A60-2DC0451C4837}.Release|Any CPU.Build.0 = Release|Any CPU
		{2C774074-2758-40D6-9F50-607BD299B8B7}.Debug|Any CPU.ActiveCfg = Debug|Any CPU
		{2C774074-2758-40D6-9F50-607BD299B8B7}.Debug|Any CPU.Build.0 = Debug|Any CPU
		{2C774074-2758-40D6-9F50-607BD299B8B7}.Release|Any CPU.ActiveCfg = Release|Any CPU
		{2C774074-2758-40D6-9F50-607BD299B8B7}.Release|Any CPU.Build.0 = Release|Any CPU
		{0EC7D980-AB7B-4256-9D62-CA23253606CA}.Debug|Any CPU.ActiveCfg = Debug|Any CPU
		{0EC7D980-AB7B-4256-9D62-CA23253606CA}.Debug|Any CPU.Build.0 = Debug|Any CPU
		{0EC7D980-AB7B-4256-9D62-CA23253606CA}.Release|Any CPU.ActiveCfg = Release|Any CPU
		{0EC7D980-AB7B-4256-9D62-CA23253606CA}.Release|Any CPU.Build.0 = Release|Any CPU
		{E7D2C69A-3EC0-45A2-8E0A-A107CA77C9B5}.Debug|Any CPU.ActiveCfg = Debug|Any CPU
		{E7D2C69A-3EC0-45A2-8E0A-A107CA77C9B5}.Debug|Any CPU.Build.0 = Debug|Any CPU
		{E7D2C69A-3EC0-45A2-8E0A-A107CA77C9B5}.Release|Any CPU.ActiveCfg = Release|Any CPU
		{E7D2C69A-3EC0-45A2-8E0A-A107CA77C9B5}.Release|Any CPU.Build.0 = Release|Any CPU
		{1C520CBE-30CD-4C1F-81C1-0DCD2E4C47BA}.Debug|Any CPU.ActiveCfg = Debug|Any CPU
		{1C520CBE-30CD-4C1F-81C1-0DCD2E4C47BA}.Debug|Any CPU.Build.0 = Debug|Any CPU
		{1C520CBE-30CD-4C1F-81C1-0DCD2E4C47BA}.Release|Any CPU.ActiveCfg = Release|Any CPU
		{1C520CBE-30CD-4C1F-81C1-0DCD2E4C47BA}.Release|Any CPU.Build.0 = Release|Any CPU
		{66B629FD-D77F-456D-BD3E-6F1E25F128C6}.Debug|Any CPU.ActiveCfg = Debug|Any CPU
		{66B629FD-D77F-456D-BD3E-6F1E25F128C6}.Debug|Any CPU.Build.0 = Debug|Any CPU
		{66B629FD-D77F-456D-BD3E-6F1E25F128C6}.Release|Any CPU.ActiveCfg = Release|Any CPU
		{66B629FD-D77F-456D-BD3E-6F1E25F128C6}.Release|Any CPU.Build.0 = Release|Any CPU
		{65CFC604-69C1-40AF-B8D0-23D013AE92B1}.Debug|Any CPU.ActiveCfg = Debug|Any CPU
		{65CFC604-69C1-40AF-B8D0-23D013AE92B1}.Debug|Any CPU.Build.0 = Debug|Any CPU
		{65CFC604-69C1-40AF-B8D0-23D013AE92B1}.Release|Any CPU.ActiveCfg = Release|Any CPU
		{65CFC604-69C1-40AF-B8D0-23D013AE92B1}.Release|Any CPU.Build.0 = Release|Any CPU
		{0F1564F9-2909-4233-BC5E-CA1F6A23C9C4}.Debug|Any CPU.ActiveCfg = Debug|Any CPU
		{0F1564F9-2909-4233-BC5E-CA1F6A23C9C4}.Debug|Any CPU.Build.0 = Debug|Any CPU
		{0F1564F9-2909-4233-BC5E-CA1F6A23C9C4}.Release|Any CPU.ActiveCfg = Release|Any CPU
		{0F1564F9-2909-4233-BC5E-CA1F6A23C9C4}.Release|Any CPU.Build.0 = Release|Any CPU
		{4A38B87C-9E7A-4D63-8703-83FD05096087}.Debug|Any CPU.ActiveCfg = Debug|Any CPU
		{4A38B87C-9E7A-4D63-8703-83FD05096087}.Debug|Any CPU.Build.0 = Debug|Any CPU
		{4A38B87C-9E7A-4D63-8703-83FD05096087}.Release|Any CPU.ActiveCfg = Release|Any CPU
		{4A38B87C-9E7A-4D63-8703-83FD05096087}.Release|Any CPU.Build.0 = Release|Any CPU
		{1D325680-3A30-423F-8155-12E8E8743481}.Debug|Any CPU.ActiveCfg = Debug|Any CPU
		{1D325680-3A30-423F-8155-12E8E8743481}.Debug|Any CPU.Build.0 = Debug|Any CPU
		{1D325680-3A30-423F-8155-12E8E8743481}.Release|Any CPU.ActiveCfg = Release|Any CPU
		{1D325680-3A30-423F-8155-12E8E8743481}.Release|Any CPU.Build.0 = Release|Any CPU
		{7C24C233-BA08-47BA-8AEA-D2073A80FBF5}.Debug|Any CPU.ActiveCfg = Debug|Any CPU
		{7C24C233-BA08-47BA-8AEA-D2073A80FBF5}.Debug|Any CPU.Build.0 = Debug|Any CPU
		{7C24C233-BA08-47BA-8AEA-D2073A80FBF5}.Release|Any CPU.ActiveCfg = Release|Any CPU
		{7C24C233-BA08-47BA-8AEA-D2073A80FBF5}.Release|Any CPU.Build.0 = Release|Any CPU
		{D01D6CAE-DDA3-459E-9898-A98E04F8714C}.Debug|Any CPU.ActiveCfg = Debug|Any CPU
		{D01D6CAE-DDA3-459E-9898-A98E04F8714C}.Debug|Any CPU.Build.0 = Debug|Any CPU
		{D01D6CAE-DDA3-459E-9898-A98E04F8714C}.Release|Any CPU.ActiveCfg = Release|Any CPU
		{D01D6CAE-DDA3-459E-9898-A98E04F8714C}.Release|Any CPU.Build.0 = Release|Any CPU
		{4F5EC541-873E-4FA2-875D-1B4F4ADAF062}.Debug|Any CPU.ActiveCfg = Debug|Any CPU
		{4F5EC541-873E-4FA2-875D-1B4F4ADAF062}.Debug|Any CPU.Build.0 = Debug|Any CPU
		{4F5EC541-873E-4FA2-875D-1B4F4ADAF062}.Release|Any CPU.ActiveCfg = Release|Any CPU
		{4F5EC541-873E-4FA2-875D-1B4F4ADAF062}.Release|Any CPU.Build.0 = Release|Any CPU
		{FCA5391A-E8F2-4669-A28F-D0AE669FD9CE}.Debug|Any CPU.ActiveCfg = Debug|Any CPU
		{FCA5391A-E8F2-4669-A28F-D0AE669FD9CE}.Debug|Any CPU.Build.0 = Debug|Any CPU
		{FCA5391A-E8F2-4669-A28F-D0AE669FD9CE}.Release|Any CPU.ActiveCfg = Release|Any CPU
		{FCA5391A-E8F2-4669-A28F-D0AE669FD9CE}.Release|Any CPU.Build.0 = Release|Any CPU
		{6AA7BE77-7C87-40A8-8150-9D43CFA8F7C3}.Debug|Any CPU.ActiveCfg = Debug|Any CPU
		{6AA7BE77-7C87-40A8-8150-9D43CFA8F7C3}.Debug|Any CPU.Build.0 = Debug|Any CPU
		{6AA7BE77-7C87-40A8-8150-9D43CFA8F7C3}.Release|Any CPU.ActiveCfg = Release|Any CPU
		{6AA7BE77-7C87-40A8-8150-9D43CFA8F7C3}.Release|Any CPU.Build.0 = Release|Any CPU
		{E9759DE7-1DBE-4E27-A9E2-670B6D0D51D6}.Debug|Any CPU.ActiveCfg = Debug|Any CPU
		{E9759DE7-1DBE-4E27-A9E2-670B6D0D51D6}.Debug|Any CPU.Build.0 = Debug|Any CPU
		{E9759DE7-1DBE-4E27-A9E2-670B6D0D51D6}.Release|Any CPU.ActiveCfg = Release|Any CPU
		{E9759DE7-1DBE-4E27-A9E2-670B6D0D51D6}.Release|Any CPU.Build.0 = Release|Any CPU
		{B888283A-A469-46E4-9EF0-E0600DDF1A60}.Debug|Any CPU.ActiveCfg = Debug|Any CPU
		{B888283A-A469-46E4-9EF0-E0600DDF1A60}.Debug|Any CPU.Build.0 = Debug|Any CPU
		{B888283A-A469-46E4-9EF0-E0600DDF1A60}.Release|Any CPU.ActiveCfg = Release|Any CPU
		{B888283A-A469-46E4-9EF0-E0600DDF1A60}.Release|Any CPU.Build.0 = Release|Any CPU
		{480B7CD5-A507-4F08-B653-3949119DBCCF}.Debug|Any CPU.ActiveCfg = Debug|Any CPU
		{480B7CD5-A507-4F08-B653-3949119DBCCF}.Debug|Any CPU.Build.0 = Debug|Any CPU
		{480B7CD5-A507-4F08-B653-3949119DBCCF}.Release|Any CPU.ActiveCfg = Release|Any CPU
		{480B7CD5-A507-4F08-B653-3949119DBCCF}.Release|Any CPU.Build.0 = Release|Any CPU
	EndGlobalSection
	GlobalSection(SolutionProperties) = preSolution
		HideSolutionNode = FALSE
	EndGlobalSection
	GlobalSection(NestedProjects) = preSolution
		{6DB240B7-8250-4909-8281-535D891A050A} = {02EA681E-C7D8-13C7-8484-4AC65E1B71E8}
		{8FB54D49-056A-42F3-9EF7-0F62BD122641} = {02EA681E-C7D8-13C7-8484-4AC65E1B71E8}
		{0C9766E6-78FF-49F8-B3BD-4D91EC0D27FE} = {02EA681E-C7D8-13C7-8484-4AC65E1B71E8}
		{79C44D66-BA57-41B1-BB95-AC9E2089FD1A} = {36D591C7-65C7-A0D1-1CBC-10CDE441BDC8}
		{4D416498-0359-4C4F-AE3F-FB44E1D7B178} = {36D591C7-65C7-A0D1-1CBC-10CDE441BDC8}
		{FE4C30CF-0ADE-4418-9F62-EEA003D64B5B} = {36D591C7-65C7-A0D1-1CBC-10CDE441BDC8}
		{7BB7D29F-130D-41DD-9A60-2DC0451C4837} = {15697211-E8C3-4891-88E3-066936B4CACC}
		{2C774074-2758-40D6-9F50-607BD299B8B7} = {15697211-E8C3-4891-88E3-066936B4CACC}
		{0EC7D980-AB7B-4256-9D62-CA23253606CA} = {15697211-E8C3-4891-88E3-066936B4CACC}
		{E7D2C69A-3EC0-45A2-8E0A-A107CA77C9B5} = {46F2C002-1277-44F3-AFEE-B0053B58C287}
		{1C520CBE-30CD-4C1F-81C1-0DCD2E4C47BA} = {46F2C002-1277-44F3-AFEE-B0053B58C287}
		{66B629FD-D77F-456D-BD3E-6F1E25F128C6} = {46F2C002-1277-44F3-AFEE-B0053B58C287}
		{65CFC604-69C1-40AF-B8D0-23D013AE92B1} = {45A9081B-F245-4628-BA06-C7486E530DB6}
		{0F1564F9-2909-4233-BC5E-CA1F6A23C9C4} = {45A9081B-F245-4628-BA06-C7486E530DB6}
		{4A38B87C-9E7A-4D63-8703-83FD05096087} = {45A9081B-F245-4628-BA06-C7486E530DB6}
		{1D325680-3A30-423F-8155-12E8E8743481} = {496735DF-BC1D-4B12-B525-FA80F075AF85}
		{7C24C233-BA08-47BA-8AEA-D2073A80FBF5} = {496735DF-BC1D-4B12-B525-FA80F075AF85}
		{D01D6CAE-DDA3-459E-9898-A98E04F8714C} = {496735DF-BC1D-4B12-B525-FA80F075AF85}
		{4F5EC541-873E-4FA2-875D-1B4F4ADAF062} = {B7E9D6D7-41AE-4CF6-B28C-8FA7D2A70030}
		{FCA5391A-E8F2-4669-A28F-D0AE669FD9CE} = {B7E9D6D7-41AE-4CF6-B28C-8FA7D2A70030}
		{6AA7BE77-7C87-40A8-8150-9D43CFA8F7C3} = {B7E9D6D7-41AE-4CF6-B28C-8FA7D2A70030}
		{E9759DE7-1DBE-4E27-A9E2-670B6D0D51D6} = {BEAC45BB-458A-46D9-9635-D905474D5F12}
		{B888283A-A469-46E4-9EF0-E0600DDF1A60} = {BEAC45BB-458A-46D9-9635-D905474D5F12}
		{480B7CD5-A507-4F08-B653-3949119DBCCF} = {BEAC45BB-458A-46D9-9635-D905474D5F12}
	EndGlobalSection
	GlobalSection(ExtensibilityGlobals) = postSolution
		SolutionGuid = {593A0534-9A8C-4186-896B-1C88CB0B0B50}
	EndGlobalSection
EndGlobal
